
Microsoft Visual Studio Solution File, Format Version 12.00
# Visual Studio Version 17
VisualStudioVersion = 17.3.32901.215
MinimumVisualStudioVersion = 10.0.40219.1
Project("{FAE04EC0-301F-11D3-BF4B-00C04F79EFBC}") = "Tirtp", "Tirtp\Tirtp.csproj", "{93DA376B-D2D3-41C5-951F-3FFB888FA216}"
EndProject
Global
	GlobalSection(SolutionConfigurationPlatforms) = preSolution
		Debug|Any CPU = Debug|Any CPU
		Release|Any CPU = Release|Any CPU
	EndGlobalSection
	GlobalSection(ProjectConfigurationPlatforms) = postSolution
		{93DA376B-D2D3-41C5-951F-3FFB888FA216}.Debug|Any CPU.ActiveCfg = Debug|Any CPU
		{93DA376B-D2D3-41C5-951F-3FFB888FA216}.Debug|Any CPU.Build.0 = Debug|Any CPU
		{93DA376B-D2D3-41C5-951F-3FFB888FA216}.Release|Any CPU.ActiveCfg = Release|Any CPU
		{93DA376B-D2D3-41C5-951F-3FFB888FA216}.Release|Any CPU.Build.0 = Release|Any CPU
	EndGlobalSection
	GlobalSection(SolutionProperties) = preSolution
		HideSolutionNode = FALSE
	EndGlobalSection
	GlobalSection(ExtensibilityGlobals) = postSolution
		SolutionGuid = {54D30B70-5E4F-46F7-8B61-F5B5021E3130}
	EndGlobalSection
EndGlobal
